
Microsoft Visual Studio Solution File, Format Version 12.00
# Visual Studio Version 16
VisualStudioVersion = 16.0.33130.400
MinimumVisualStudioVersion = 10.0.40219.1
Project("{8BC9CEB8-8B4A-11D0-8D11-00A0C91BC942}") = "Projekt11_14", "Projekt11_14\Projekt11_14.vcxproj", "{F55A02B2-D17F-40C0-8DCE-8629F2D5DCB3}"
EndProject
Global
	GlobalSection(SolutionConfigurationPlatforms) = preSolution
		Debug|x64 = Debug|x64
		Debug|x86 = Debug|x86
		Release|x64 = Release|x64
		Release|x86 = Release|x86
	EndGlobalSection
	GlobalSection(ProjectConfigurationPlatforms) = postSolution
		{F55A02B2-D17F-40C0-8DCE-8629F2D5DCB3}.Debug|x64.ActiveCfg = Debug|x64
		{F55A02B2-D17F-40C0-8DCE-8629F2D5DCB3}.Debug|x64.Build.0 = Debug|x64
		{F55A02B2-D17F-40C0-8DCE-8629F2D5DCB3}.Debug|x86.ActiveCfg = Debug|Win32
		{F55A02B2-D17F-40C0-8DCE-8629F2D5DCB3}.Debug|x86.Build.0 = Debug|Win32
		{F55A02B2-D17F-40C0-8DCE-8629F2D5DCB3}.Release|x64.ActiveCfg = Release|x64
		{F55A02B2-D17F-40C0-8DCE-8629F2D5DCB3}.Release|x64.Build.0 = Release|x64
		{F55A02B2-D17F-40C0-8DCE-8629F2D5DCB3}.Release|x86.ActiveCfg = Release|Win32
		{F55A02B2-D17F-40C0-8DCE-8629F2D5DCB3}.Release|x86.Build.0 = Release|Win32
	EndGlobalSection
	GlobalSection(SolutionProperties) = preSolution
		HideSolutionNode = FALSE
	EndGlobalSection
	GlobalSection(ExtensibilityGlobals) = postSolution
		SolutionGuid = {058A2A49-9B3D-4C1B-8993-9BC7D40E3BDC}
	EndGlobalSection
EndGlobal
