
Microsoft Visual Studio Solution File, Format Version 12.00
# Visual Studio Version 16
VisualStudioVersion = 16.0.33130.400
MinimumVisualStudioVersion = 10.0.40219.1
Project("{8BC9CEB8-8B4A-11D0-8D11-00A0C91BC942}") = "Projekt11_11", "Projekt11_11\Projekt11_11.vcxproj", "{E830EE70-E1C1-41A8-BE7F-E7E68B3461E9}"
EndProject
Global
	GlobalSection(SolutionConfigurationPlatforms) = preSolution
		Debug|x64 = Debug|x64
		Debug|x86 = Debug|x86
		Release|x64 = Release|x64
		Release|x86 = Release|x86
	EndGlobalSection
	GlobalSection(ProjectConfigurationPlatforms) = postSolution
		{E830EE70-E1C1-41A8-BE7F-E7E68B3461E9}.Debug|x64.ActiveCfg = Debug|x64
		{E830EE70-E1C1-41A8-BE7F-E7E68B3461E9}.Debug|x64.Build.0 = Debug|x64
		{E830EE70-E1C1-41A8-BE7F-E7E68B3461E9}.Debug|x86.ActiveCfg = Debug|Win32
		{E830EE70-E1C1-41A8-BE7F-E7E68B3461E9}.Debug|x86.Build.0 = Debug|Win32
		{E830EE70-E1C1-41A8-BE7F-E7E68B3461E9}.Release|x64.ActiveCfg = Release|x64
		{E830EE70-E1C1-41A8-BE7F-E7E68B3461E9}.Release|x64.Build.0 = Release|x64
		{E830EE70-E1C1-41A8-BE7F-E7E68B3461E9}.Release|x86.ActiveCfg = Release|Win32
		{E830EE70-E1C1-41A8-BE7F-E7E68B3461E9}.Release|x86.Build.0 = Release|Win32
	EndGlobalSection
	GlobalSection(SolutionProperties) = preSolution
		HideSolutionNode = FALSE
	EndGlobalSection
	GlobalSection(ExtensibilityGlobals) = postSolution
		SolutionGuid = {1F0D0D8D-410C-4267-AD2B-56EC503978F6}
	EndGlobalSection
EndGlobal
