
Microsoft Visual Studio Solution File, Format Version 12.00
# Visual Studio Version 16
VisualStudioVersion = 16.0.33027.164
MinimumVisualStudioVersion = 10.0.40219.1
Project("{8BC9CEB8-8B4A-11D0-8D11-00A0C91BC942}") = "Project10_8", "Project10_8\Project10_8.vcxproj", "{81A37898-29EC-46C1-8265-CAA9A7C5A341}"
EndProject
Global
	GlobalSection(SolutionConfigurationPlatforms) = preSolution
		Debug|x64 = Debug|x64
		Debug|x86 = Debug|x86
		Release|x64 = Release|x64
		Release|x86 = Release|x86
	EndGlobalSection
	GlobalSection(ProjectConfigurationPlatforms) = postSolution
		{81A37898-29EC-46C1-8265-CAA9A7C5A341}.Debug|x64.ActiveCfg = Debug|x64
		{81A37898-29EC-46C1-8265-CAA9A7C5A341}.Debug|x64.Build.0 = Debug|x64
		{81A37898-29EC-46C1-8265-CAA9A7C5A341}.Debug|x86.ActiveCfg = Debug|Win32
		{81A37898-29EC-46C1-8265-CAA9A7C5A341}.Debug|x86.Build.0 = Debug|Win32
		{81A37898-29EC-46C1-8265-CAA9A7C5A341}.Release|x64.ActiveCfg = Release|x64
		{81A37898-29EC-46C1-8265-CAA9A7C5A341}.Release|x64.Build.0 = Release|x64
		{81A37898-29EC-46C1-8265-CAA9A7C5A341}.Release|x86.ActiveCfg = Release|Win32
		{81A37898-29EC-46C1-8265-CAA9A7C5A341}.Release|x86.Build.0 = Release|Win32
	EndGlobalSection
	GlobalSection(SolutionProperties) = preSolution
		HideSolutionNode = FALSE
	EndGlobalSection
	GlobalSection(ExtensibilityGlobals) = postSolution
		SolutionGuid = {C77B191E-6B1D-4D96-BF2B-DBCF0906C4EC}
	EndGlobalSection
EndGlobal
