
Microsoft Visual Studio Solution File, Format Version 12.00
# Visual Studio Version 16
VisualStudioVersion = 16.0.33027.164
MinimumVisualStudioVersion = 10.0.40219.1
Project("{8BC9CEB8-8B4A-11D0-8D11-00A0C91BC942}") = "Project5_4", "Project5_4\Project5_4.vcxproj", "{EAD7DD3A-E859-4E6F-A372-62C6FF5D9556}"
EndProject
Global
	GlobalSection(SolutionConfigurationPlatforms) = preSolution
		Debug|x64 = Debug|x64
		Debug|x86 = Debug|x86
		Release|x64 = Release|x64
		Release|x86 = Release|x86
	EndGlobalSection
	GlobalSection(ProjectConfigurationPlatforms) = postSolution
		{EAD7DD3A-E859-4E6F-A372-62C6FF5D9556}.Debug|x64.ActiveCfg = Debug|x64
		{EAD7DD3A-E859-4E6F-A372-62C6FF5D9556}.Debug|x64.Build.0 = Debug|x64
		{EAD7DD3A-E859-4E6F-A372-62C6FF5D9556}.Debug|x86.ActiveCfg = Debug|Win32
		{EAD7DD3A-E859-4E6F-A372-62C6FF5D9556}.Debug|x86.Build.0 = Debug|Win32
		{EAD7DD3A-E859-4E6F-A372-62C6FF5D9556}.Release|x64.ActiveCfg = Release|x64
		{EAD7DD3A-E859-4E6F-A372-62C6FF5D9556}.Release|x64.Build.0 = Release|x64
		{EAD7DD3A-E859-4E6F-A372-62C6FF5D9556}.Release|x86.ActiveCfg = Release|Win32
		{EAD7DD3A-E859-4E6F-A372-62C6FF5D9556}.Release|x86.Build.0 = Release|Win32
	EndGlobalSection
	GlobalSection(SolutionProperties) = preSolution
		HideSolutionNode = FALSE
	EndGlobalSection
	GlobalSection(ExtensibilityGlobals) = postSolution
		SolutionGuid = {1D54CD74-9283-4893-8337-02B06AC39D07}
	EndGlobalSection
EndGlobal
