
Microsoft Visual Studio Solution File, Format Version 12.00
# Visual Studio Version 16
VisualStudioVersion = 16.0.33027.164
MinimumVisualStudioVersion = 10.0.40219.1
Project("{8BC9CEB8-8B4A-11D0-8D11-00A0C91BC942}") = "Project8_7", "Project8_7\Project8_7.vcxproj", "{52547AB7-1D0F-4E36-BD46-3F5023E1AD77}"
EndProject
Global
	GlobalSection(SolutionConfigurationPlatforms) = preSolution
		Debug|x64 = Debug|x64
		Debug|x86 = Debug|x86
		Release|x64 = Release|x64
		Release|x86 = Release|x86
	EndGlobalSection
	GlobalSection(ProjectConfigurationPlatforms) = postSolution
		{52547AB7-1D0F-4E36-BD46-3F5023E1AD77}.Debug|x64.ActiveCfg = Debug|x64
		{52547AB7-1D0F-4E36-BD46-3F5023E1AD77}.Debug|x64.Build.0 = Debug|x64
		{52547AB7-1D0F-4E36-BD46-3F5023E1AD77}.Debug|x86.ActiveCfg = Debug|Win32
		{52547AB7-1D0F-4E36-BD46-3F5023E1AD77}.Debug|x86.Build.0 = Debug|Win32
		{52547AB7-1D0F-4E36-BD46-3F5023E1AD77}.Release|x64.ActiveCfg = Release|x64
		{52547AB7-1D0F-4E36-BD46-3F5023E1AD77}.Release|x64.Build.0 = Release|x64
		{52547AB7-1D0F-4E36-BD46-3F5023E1AD77}.Release|x86.ActiveCfg = Release|Win32
		{52547AB7-1D0F-4E36-BD46-3F5023E1AD77}.Release|x86.Build.0 = Release|Win32
	EndGlobalSection
	GlobalSection(SolutionProperties) = preSolution
		HideSolutionNode = FALSE
	EndGlobalSection
	GlobalSection(ExtensibilityGlobals) = postSolution
		SolutionGuid = {BA93E2C0-A5FC-4589-B22C-A1B7749F4C47}
	EndGlobalSection
EndGlobal
