
Microsoft Visual Studio Solution File, Format Version 12.00
# Visual Studio Version 16
VisualStudioVersion = 16.0.33027.164
MinimumVisualStudioVersion = 10.0.40219.1
Project("{8BC9CEB8-8B4A-11D0-8D11-00A0C91BC942}") = "Project5_2", "Project5_2\Project5_2.vcxproj", "{07C47443-B355-4615-8875-B6FE04C76154}"
EndProject
Global
	GlobalSection(SolutionConfigurationPlatforms) = preSolution
		Debug|x64 = Debug|x64
		Debug|x86 = Debug|x86
		Release|x64 = Release|x64
		Release|x86 = Release|x86
	EndGlobalSection
	GlobalSection(ProjectConfigurationPlatforms) = postSolution
		{07C47443-B355-4615-8875-B6FE04C76154}.Debug|x64.ActiveCfg = Debug|x64
		{07C47443-B355-4615-8875-B6FE04C76154}.Debug|x64.Build.0 = Debug|x64
		{07C47443-B355-4615-8875-B6FE04C76154}.Debug|x86.ActiveCfg = Debug|Win32
		{07C47443-B355-4615-8875-B6FE04C76154}.Debug|x86.Build.0 = Debug|Win32
		{07C47443-B355-4615-8875-B6FE04C76154}.Release|x64.ActiveCfg = Release|x64
		{07C47443-B355-4615-8875-B6FE04C76154}.Release|x64.Build.0 = Release|x64
		{07C47443-B355-4615-8875-B6FE04C76154}.Release|x86.ActiveCfg = Release|Win32
		{07C47443-B355-4615-8875-B6FE04C76154}.Release|x86.Build.0 = Release|Win32
	EndGlobalSection
	GlobalSection(SolutionProperties) = preSolution
		HideSolutionNode = FALSE
	EndGlobalSection
	GlobalSection(ExtensibilityGlobals) = postSolution
		SolutionGuid = {56FBF993-6637-4526-9655-561A900F1D02}
	EndGlobalSection
EndGlobal
